
Microsoft Visual Studio Solution File, Format Version 12.00
# Visual Studio 15
VisualStudioVersion = 15.0.26206.0
MinimumVisualStudioVersion = 10.0.40219.1
Project("{FAE04EC0-301F-11D3-BF4B-00C04F79EFBC}") = "ModernEncryption", "ModernEncryption\ModernEncryption.csproj", "{DBFF5AE3-C42D-4450-82EE-06BA454B9220}"
EndProject
Project("{FAE04EC0-301F-11D3-BF4B-00C04F79EFBC}") = "ModernEncryption.UWP", "ModernEncryption.UWP\ModernEncryption.UWP.csproj", "{D2704ECC-866C-4A37-A193-6BF3DE8D4A86}"
EndProject
Project("{FAE04EC0-301F-11D3-BF4B-00C04F79EFBC}") = "ModernEncryption.Droid", "ModernEncryption.Droid\ModernEncryption.Droid.csproj", "{AE09B84C-54FC-4DE7-A7DA-23EEA45BDE02}"
EndProject
Project("{FAE04EC0-301F-11D3-BF4B-00C04F79EFBC}") = "ModernEncryption.iOS", "ModernEncryption.iOS\ModernEncryption.iOS.csproj", "{99EB4619-3736-465A-A022-86225C2ED734}"
EndProject
Global
	GlobalSection(SolutionConfigurationPlatforms) = preSolution
		Ad-Hoc|Any CPU = Ad-Hoc|Any CPU
		Ad-Hoc|ARM = Ad-Hoc|ARM
		Ad-Hoc|iPhone = Ad-Hoc|iPhone
		Ad-Hoc|iPhoneSimulator = Ad-Hoc|iPhoneSimulator
		Ad-Hoc|x64 = Ad-Hoc|x64
		Ad-Hoc|x86 = Ad-Hoc|x86
		AppStore|Any CPU = AppStore|Any CPU
		AppStore|ARM = AppStore|ARM
		AppStore|iPhone = AppStore|iPhone
		AppStore|iPhoneSimulator = AppStore|iPhoneSimulator
		AppStore|x64 = AppStore|x64
		AppStore|x86 = AppStore|x86
		Debug|Any CPU = Debug|Any CPU
		Debug|ARM = Debug|ARM
		Debug|iPhone = Debug|iPhone
		Debug|iPhoneSimulator = Debug|iPhoneSimulator
		Debug|x64 = Debug|x64
		Debug|x86 = Debug|x86
		Release|Any CPU = Release|Any CPU
		Release|ARM = Release|ARM
		Release|iPhone = Release|iPhone
		Release|iPhoneSimulator = Release|iPhoneSimulator
		Release|x64 = Release|x64
		Release|x86 = Release|x86
	EndGlobalSection
	GlobalSection(ProjectConfigurationPlatforms) = postSolution
		{DBFF5AE3-C42D-4450-82EE-06BA454B9220}.Ad-Hoc|Any CPU.ActiveCfg = Release|Any CPU
		{DBFF5AE3-C42D-4450-82EE-06BA454B9220}.Ad-Hoc|Any CPU.Build.0 = Release|Any CPU
		{DBFF5AE3-C42D-4450-82EE-06BA454B9220}.Ad-Hoc|ARM.ActiveCfg = Release|Any CPU
		{DBFF5AE3-C42D-4450-82EE-06BA454B9220}.Ad-Hoc|ARM.Build.0 = Release|Any CPU
		{DBFF5AE3-C42D-4450-82EE-06BA454B9220}.Ad-Hoc|iPhone.ActiveCfg = Release|Any CPU
		{DBFF5AE3-C42D-4450-82EE-06BA454B9220}.Ad-Hoc|iPhone.Build.0 = Release|Any CPU
		{DBFF5AE3-C42D-4450-82EE-06BA454B9220}.Ad-Hoc|iPhoneSimulator.ActiveCfg = Release|Any CPU
		{DBFF5AE3-C42D-4450-82EE-06BA454B9220}.Ad-Hoc|iPhoneSimulator.Build.0 = Release|Any CPU
		{DBFF5AE3-C42D-4450-82EE-06BA454B9220}.Ad-Hoc|x64.ActiveCfg = Release|x64
		{DBFF5AE3-C42D-4450-82EE-06BA454B9220}.Ad-Hoc|x64.Build.0 = Release|x64
		{DBFF5AE3-C42D-4450-82EE-06BA454B9220}.Ad-Hoc|x86.ActiveCfg = Release|x86
		{DBFF5AE3-C42D-4450-82EE-06BA454B9220}.Ad-Hoc|x86.Build.0 = Release|x86
		{DBFF5AE3-C42D-4450-82EE-06BA454B9220}.AppStore|Any CPU.ActiveCfg = Release|Any CPU
		{DBFF5AE3-C42D-4450-82EE-06BA454B9220}.AppStore|Any CPU.Build.0 = Release|Any CPU
		{DBFF5AE3-C42D-4450-82EE-06BA454B9220}.AppStore|ARM.ActiveCfg = Release|Any CPU
		{DBFF5AE3-C42D-4450-82EE-06BA454B9220}.AppStore|ARM.Build.0 = Release|Any CPU
		{DBFF5AE3-C42D-4450-82EE-06BA454B9220}.AppStore|iPhone.ActiveCfg = Release|Any CPU
		{DBFF5AE3-C42D-4450-82EE-06BA454B9220}.AppStore|iPhone.Build.0 = Release|Any CPU
		{DBFF5AE3-C42D-4450-82EE-06BA454B9220}.AppStore|iPhoneSimulator.ActiveCfg = Release|Any CPU
		{DBFF5AE3-C42D-4450-82EE-06BA454B9220}.AppStore|iPhoneSimulator.Build.0 = Release|Any CPU
		{DBFF5AE3-C42D-4450-82EE-06BA454B9220}.AppStore|x64.ActiveCfg = Release|x64
		{DBFF5AE3-C42D-4450-82EE-06BA454B9220}.AppStore|x64.Build.0 = Release|x64
		{DBFF5AE3-C42D-4450-82EE-06BA454B9220}.AppStore|x86.ActiveCfg = Release|x86
		{DBFF5AE3-C42D-4450-82EE-06BA454B9220}.AppStore|x86.Build.0 = Release|x86
		{DBFF5AE3-C42D-4450-82EE-06BA454B9220}.Debug|Any CPU.ActiveCfg = Debug|Any CPU
		{DBFF5AE3-C42D-4450-82EE-06BA454B9220}.Debug|Any CPU.Build.0 = Debug|Any CPU
		{DBFF5AE3-C42D-4450-82EE-06BA454B9220}.Debug|ARM.ActiveCfg = Debug|Any CPU
		{DBFF5AE3-C42D-4450-82EE-06BA454B9220}.Debug|ARM.Build.0 = Debug|Any CPU
		{DBFF5AE3-C42D-4450-82EE-06BA454B9220}.Debug|iPhone.ActiveCfg = Debug|Any CPU
		{DBFF5AE3-C42D-4450-82EE-06BA454B9220}.Debug|iPhone.Build.0 = Debug|Any CPU
		{DBFF5AE3-C42D-4450-82EE-06BA454B9220}.Debug|iPhoneSimulator.ActiveCfg = Debug|Any CPU
		{DBFF5AE3-C42D-4450-82EE-06BA454B9220}.Debug|iPhoneSimulator.Build.0 = Debug|Any CPU
		{DBFF5AE3-C42D-4450-82EE-06BA454B9220}.Debug|x64.ActiveCfg = Debug|x64
		{DBFF5AE3-C42D-4450-82EE-06BA454B9220}.Debug|x64.Build.0 = Debug|x64
		{DBFF5AE3-C42D-4450-82EE-06BA454B9220}.Debug|x86.ActiveCfg = Debug|x86
		{DBFF5AE3-C42D-4450-82EE-06BA454B9220}.Debug|x86.Build.0 = Debug|x86
		{DBFF5AE3-C42D-4450-82EE-06BA454B9220}.Release|Any CPU.ActiveCfg = Release|Any CPU
		{DBFF5AE3-C42D-4450-82EE-06BA454B9220}.Release|Any CPU.Build.0 = Release|Any CPU
		{DBFF5AE3-C42D-4450-82EE-06BA454B9220}.Release|ARM.ActiveCfg = Release|Any CPU
		{DBFF5AE3-C42D-4450-82EE-06BA454B9220}.Release|ARM.Build.0 = Release|Any CPU
		{DBFF5AE3-C42D-4450-82EE-06BA454B9220}.Release|iPhone.ActiveCfg = Release|Any CPU
		{DBFF5AE3-C42D-4450-82EE-06BA454B9220}.Release|iPhone.Build.0 = Release|Any CPU
		{DBFF5AE3-C42D-4450-82EE-06BA454B9220}.Release|iPhoneSimulator.ActiveCfg = Release|Any CPU
		{DBFF5AE3-C42D-4450-82EE-06BA454B9220}.Release|iPhoneSimulator.Build.0 = Release|Any CPU
		{DBFF5AE3-C42D-4450-82EE-06BA454B9220}.Release|x64.ActiveCfg = Release|x64
		{DBFF5AE3-C42D-4450-82EE-06BA454B9220}.Release|x64.Build.0 = Release|x64
		{DBFF5AE3-C42D-4450-82EE-06BA454B9220}.Release|x86.ActiveCfg = Release|x86
		{DBFF5AE3-C42D-4450-82EE-06BA454B9220}.Release|x86.Build.0 = Release|x86
		{D2704ECC-866C-4A37-A193-6BF3DE8D4A86}.Ad-Hoc|Any CPU.ActiveCfg = Release|x64
		{D2704ECC-866C-4A37-A193-6BF3DE8D4A86}.Ad-Hoc|Any CPU.Build.0 = Release|x64
		{D2704ECC-866C-4A37-A193-6BF3DE8D4A86}.Ad-Hoc|Any CPU.Deploy.0 = Release|x64
		{D2704ECC-866C-4A37-A193-6BF3DE8D4A86}.Ad-Hoc|ARM.ActiveCfg = Release|ARM
		{D2704ECC-866C-4A37-A193-6BF3DE8D4A86}.Ad-Hoc|ARM.Build.0 = Release|ARM
		{D2704ECC-866C-4A37-A193-6BF3DE8D4A86}.Ad-Hoc|ARM.Deploy.0 = Release|ARM
		{D2704ECC-866C-4A37-A193-6BF3DE8D4A86}.Ad-Hoc|iPhone.ActiveCfg = Release|x64
		{D2704ECC-866C-4A37-A193-6BF3DE8D4A86}.Ad-Hoc|iPhone.Build.0 = Release|x64
		{D2704ECC-866C-4A37-A193-6BF3DE8D4A86}.Ad-Hoc|iPhone.Deploy.0 = Release|x64
		{D2704ECC-866C-4A37-A193-6BF3DE8D4A86}.Ad-Hoc|iPhoneSimulator.ActiveCfg = Release|x64
		{D2704ECC-866C-4A37-A193-6BF3DE8D4A86}.Ad-Hoc|iPhoneSimulator.Build.0 = Release|x64
		{D2704ECC-866C-4A37-A193-6BF3DE8D4A86}.Ad-Hoc|iPhoneSimulator.Deploy.0 = Release|x64
		{D2704ECC-866C-4A37-A193-6BF3DE8D4A86}.Ad-Hoc|x64.ActiveCfg = Release|x64
		{D2704ECC-866C-4A37-A193-6BF3DE8D4A86}.Ad-Hoc|x64.Build.0 = Release|x64
		{D2704ECC-866C-4A37-A193-6BF3DE8D4A86}.Ad-Hoc|x64.Deploy.0 = Release|x64
		{D2704ECC-866C-4A37-A193-6BF3DE8D4A86}.Ad-Hoc|x86.ActiveCfg = Release|x86
		{D2704ECC-866C-4A37-A193-6BF3DE8D4A86}.Ad-Hoc|x86.Build.0 = Release|x86
		{D2704ECC-866C-4A37-A193-6BF3DE8D4A86}.Ad-Hoc|x86.Deploy.0 = Release|x86
		{D2704ECC-866C-4A37-A193-6BF3DE8D4A86}.AppStore|Any CPU.ActiveCfg = Release|x64
		{D2704ECC-866C-4A37-A193-6BF3DE8D4A86}.AppStore|Any CPU.Build.0 = Release|x64
		{D2704ECC-866C-4A37-A193-6BF3DE8D4A86}.AppStore|Any CPU.Deploy.0 = Release|x64
		{D2704ECC-866C-4A37-A193-6BF3DE8D4A86}.AppStore|ARM.ActiveCfg = Release|ARM
		{D2704ECC-866C-4A37-A193-6BF3DE8D4A86}.AppStore|ARM.Build.0 = Release|ARM
		{D2704ECC-866C-4A37-A193-6BF3DE8D4A86}.AppStore|ARM.Deploy.0 = Release|ARM
		{D2704ECC-866C-4A37-A193-6BF3DE8D4A86}.AppStore|iPhone.ActiveCfg = Release|x64
		{D2704ECC-866C-4A37-A193-6BF3DE8D4A86}.AppStore|iPhone.Build.0 = Release|x64
		{D2704ECC-866C-4A37-A193-6BF3DE8D4A86}.AppStore|iPhone.Deploy.0 = Release|x64
		{D2704ECC-866C-4A37-A193-6BF3DE8D4A86}.AppStore|iPhoneSimulator.ActiveCfg = Release|x64
		{D2704ECC-866C-4A37-A193-6BF3DE8D4A86}.AppStore|iPhoneSimulator.Build.0 = Release|x64
		{D2704ECC-866C-4A37-A193-6BF3DE8D4A86}.AppStore|iPhoneSimulator.Deploy.0 = Release|x64
		{D2704ECC-866C-4A37-A193-6BF3DE8D4A86}.AppStore|x64.ActiveCfg = Release|x64
		{D2704ECC-866C-4A37-A193-6BF3DE8D4A86}.AppStore|x64.Build.0 = Release|x64
		{D2704ECC-866C-4A37-A193-6BF3DE8D4A86}.AppStore|x64.Deploy.0 = Release|x64
		{D2704ECC-866C-4A37-A193-6BF3DE8D4A86}.AppStore|x86.ActiveCfg = Release|x86
		{D2704ECC-866C-4A37-A193-6BF3DE8D4A86}.AppStore|x86.Build.0 = Release|x86
		{D2704ECC-866C-4A37-A193-6BF3DE8D4A86}.AppStore|x86.Deploy.0 = Release|x86
		{D2704ECC-866C-4A37-A193-6BF3DE8D4A86}.Debug|Any CPU.ActiveCfg = Debug|x86
		{D2704ECC-866C-4A37-A193-6BF3DE8D4A86}.Debug|Any CPU.Build.0 = Debug|x86
		{D2704ECC-866C-4A37-A193-6BF3DE8D4A86}.Debug|Any CPU.Deploy.0 = Debug|x86
		{D2704ECC-866C-4A37-A193-6BF3DE8D4A86}.Debug|ARM.ActiveCfg = Debug|ARM
		{D2704ECC-866C-4A37-A193-6BF3DE8D4A86}.Debug|ARM.Build.0 = Debug|ARM
		{D2704ECC-866C-4A37-A193-6BF3DE8D4A86}.Debug|ARM.Deploy.0 = Debug|ARM
		{D2704ECC-866C-4A37-A193-6BF3DE8D4A86}.Debug|iPhone.ActiveCfg = Debug|x86
		{D2704ECC-866C-4A37-A193-6BF3DE8D4A86}.Debug|iPhoneSimulator.ActiveCfg = Debug|x86
		{D2704ECC-866C-4A37-A193-6BF3DE8D4A86}.Debug|x64.ActiveCfg = Debug|x64
		{D2704ECC-866C-4A37-A193-6BF3DE8D4A86}.Debug|x64.Build.0 = Debug|x64
		{D2704ECC-866C-4A37-A193-6BF3DE8D4A86}.Debug|x64.Deploy.0 = Debug|x64
		{D2704ECC-866C-4A37-A193-6BF3DE8D4A86}.Debug|x86.ActiveCfg = Debug|x86
		{D2704ECC-866C-4A37-A193-6BF3DE8D4A86}.Debug|x86.Build.0 = Debug|x86
		{D2704ECC-866C-4A37-A193-6BF3DE8D4A86}.Debug|x86.Deploy.0 = Debug|x86
		{D2704ECC-866C-4A37-A193-6BF3DE8D4A86}.Release|Any CPU.ActiveCfg = Release|x86
		{D2704ECC-866C-4A37-A193-6BF3DE8D4A86}.Release|Any CPU.Build.0 = Release|x86
		{D2704ECC-866C-4A37-A193-6BF3DE8D4A86}.Release|Any CPU.Deploy.0 = Release|x86
		{D2704ECC-866C-4A37-A193-6BF3DE8D4A86}.Release|ARM.ActiveCfg = Release|ARM
		{D2704ECC-866C-4A37-A193-6BF3DE8D4A86}.Release|ARM.Build.0 = Release|ARM
		{D2704ECC-866C-4A37-A193-6BF3DE8D4A86}.Release|ARM.Deploy.0 = Release|ARM
		{D2704ECC-866C-4A37-A193-6BF3DE8D4A86}.Release|iPhone.ActiveCfg = Release|x86
		{D2704ECC-866C-4A37-A193-6BF3DE8D4A86}.Release|iPhoneSimulator.ActiveCfg = Release|x86
		{D2704ECC-866C-4A37-A193-6BF3DE8D4A86}.Release|x64.ActiveCfg = Release|x64
		{D2704ECC-866C-4A37-A193-6BF3DE8D4A86}.Release|x64.Build.0 = Release|x64
		{D2704ECC-866C-4A37-A193-6BF3DE8D4A86}.Release|x64.Deploy.0 = Release|x64
		{D2704ECC-866C-4A37-A193-6BF3DE8D4A86}.Release|x86.ActiveCfg = Release|x86
		{D2704ECC-866C-4A37-A193-6BF3DE8D4A86}.Release|x86.Build.0 = Release|x86
		{D2704ECC-866C-4A37-A193-6BF3DE8D4A86}.Release|x86.Deploy.0 = Release|x86
		{AE09B84C-54FC-4DE7-A7DA-23EEA45BDE02}.Ad-Hoc|Any CPU.ActiveCfg = Release|Any CPU
		{AE09B84C-54FC-4DE7-A7DA-23EEA45BDE02}.Ad-Hoc|Any CPU.Build.0 = Release|Any CPU
		{AE09B84C-54FC-4DE7-A7DA-23EEA45BDE02}.Ad-Hoc|Any CPU.Deploy.0 = Release|Any CPU
		{AE09B84C-54FC-4DE7-A7DA-23EEA45BDE02}.Ad-Hoc|ARM.ActiveCfg = Release|Any CPU
		{AE09B84C-54FC-4DE7-A7DA-23EEA45BDE02}.Ad-Hoc|ARM.Build.0 = Release|Any CPU
		{AE09B84C-54FC-4DE7-A7DA-23EEA45BDE02}.Ad-Hoc|ARM.Deploy.0 = Release|Any CPU
		{AE09B84C-54FC-4DE7-A7DA-23EEA45BDE02}.Ad-Hoc|iPhone.ActiveCfg = Release|Any CPU
		{AE09B84C-54FC-4DE7-A7DA-23EEA45BDE02}.Ad-Hoc|iPhone.Build.0 = Release|Any CPU
		{AE09B84C-54FC-4DE7-A7DA-23EEA45BDE02}.Ad-Hoc|iPhone.Deploy.0 = Release|Any CPU
		{AE09B84C-54FC-4DE7-A7DA-23EEA45BDE02}.Ad-Hoc|iPhoneSimulator.ActiveCfg = Release|Any CPU
		{AE09B84C-54FC-4DE7-A7DA-23EEA45BDE02}.Ad-Hoc|iPhoneSimulator.Build.0 = Release|Any CPU
		{AE09B84C-54FC-4DE7-A7DA-23EEA45BDE02}.Ad-Hoc|iPhoneSimulator.Deploy.0 = Release|Any CPU
		{AE09B84C-54FC-4DE7-A7DA-23EEA45BDE02}.Ad-Hoc|x64.ActiveCfg = Release|Any CPU
		{AE09B84C-54FC-4DE7-A7DA-23EEA45BDE02}.Ad-Hoc|x64.Build.0 = Release|Any CPU
		{AE09B84C-54FC-4DE7-A7DA-23EEA45BDE02}.Ad-Hoc|x64.Deploy.0 = Release|Any CPU
		{AE09B84C-54FC-4DE7-A7DA-23EEA45BDE02}.Ad-Hoc|x86.ActiveCfg = Release|Any CPU
		{AE09B84C-54FC-4DE7-A7DA-23EEA45BDE02}.Ad-Hoc|x86.Build.0 = Release|Any CPU
		{AE09B84C-54FC-4DE7-A7DA-23EEA45BDE02}.Ad-Hoc|x86.Deploy.0 = Release|Any CPU
		{AE09B84C-54FC-4DE7-A7DA-23EEA45BDE02}.AppStore|Any CPU.ActiveCfg = Release|Any CPU
		{AE09B84C-54FC-4DE7-A7DA-23EEA45BDE02}.AppStore|Any CPU.Build.0 = Release|Any CPU
		{AE09B84C-54FC-4DE7-A7DA-23EEA45BDE02}.AppStore|Any CPU.Deploy.0 = Release|Any CPU
		{AE09B84C-54FC-4DE7-A7DA-23EEA45BDE02}.AppStore|ARM.ActiveCfg = Release|Any CPU
		{AE09B84C-54FC-4DE7-A7DA-23EEA45BDE02}.AppStore|ARM.Build.0 = Release|Any CPU
		{AE09B84C-54FC-4DE7-A7DA-23EEA45BDE02}.AppStore|ARM.Deploy.0 = Release|Any CPU
		{AE09B84C-54FC-4DE7-A7DA-23EEA45BDE02}.AppStore|iPhone.ActiveCfg = Release|Any CPU
		{AE09B84C-54FC-4DE7-A7DA-23EEA45BDE02}.AppStore|iPhone.Build.0 = Release|Any CPU
		{AE09B84C-54FC-4DE7-A7DA-23EEA45BDE02}.AppStore|iPhone.Deploy.0 = Release|Any CPU
		{AE09B84C-54FC-4DE7-A7DA-23EEA45BDE02}.AppStore|iPhoneSimulator.ActiveCfg = Release|Any CPU
		{AE09B84C-54FC-4DE7-A7DA-23EEA45BDE02}.AppStore|iPhoneSimulator.Build.0 = Release|Any CPU
		{AE09B84C-54FC-4DE7-A7DA-23EEA45BDE02}.AppStore|iPhoneSimulator.Deploy.0 = Release|Any CPU
		{AE09B84C-54FC-4DE7-A7DA-23EEA45BDE02}.AppStore|x64.ActiveCfg = Release|Any CPU
		{AE09B84C-54FC-4DE7-A7DA-23EEA45BDE02}.AppStore|x64.Build.0 = Release|Any CPU
		{AE09B84C-54FC-4DE7-A7DA-23EEA45BDE02}.AppStore|x64.Deploy.0 = Release|Any CPU
		{AE09B84C-54FC-4DE7-A7DA-23EEA45BDE02}.AppStore|x86.ActiveCfg = Release|Any CPU
		{AE09B84C-54FC-4DE7-A7DA-23EEA45BDE02}.AppStore|x86.Build.0 = Release|Any CPU
		{AE09B84C-54FC-4DE7-A7DA-23EEA45BDE02}.AppStore|x86.Deploy.0 = Release|Any CPU
		{AE09B84C-54FC-4DE7-A7DA-23EEA45BDE02}.Debug|Any CPU.ActiveCfg = Debug|Any CPU
		{AE09B84C-54FC-4DE7-A7DA-23EEA45BDE02}.Debug|Any CPU.Build.0 = Debug|Any CPU
		{AE09B84C-54FC-4DE7-A7DA-23EEA45BDE02}.Debug|Any CPU.Deploy.0 = Debug|Any CPU
		{AE09B84C-54FC-4DE7-A7DA-23EEA45BDE02}.Debug|ARM.ActiveCfg = Debug|Any CPU
		{AE09B84C-54FC-4DE7-A7DA-23EEA45BDE02}.Debug|ARM.Build.0 = Debug|Any CPU
		{AE09B84C-54FC-4DE7-A7DA-23EEA45BDE02}.Debug|ARM.Deploy.0 = Debug|Any CPU
		{AE09B84C-54FC-4DE7-A7DA-23EEA45BDE02}.Debug|iPhone.ActiveCfg = Debug|Any CPU
		{AE09B84C-54FC-4DE7-A7DA-23EEA45BDE02}.Debug|iPhone.Build.0 = Debug|Any CPU
		{AE09B84C-54FC-4DE7-A7DA-23EEA45BDE02}.Debug|iPhone.Deploy.0 = Debug|Any CPU
		{AE09B84C-54FC-4DE7-A7DA-23EEA45BDE02}.Debug|iPhoneSimulator.ActiveCfg = Debug|Any CPU
		{AE09B84C-54FC-4DE7-A7DA-23EEA45BDE02}.Debug|iPhoneSimulator.Build.0 = Debug|Any CPU
		{AE09B84C-54FC-4DE7-A7DA-23EEA45BDE02}.Debug|iPhoneSimulator.Deploy.0 = Debug|Any CPU
		{AE09B84C-54FC-4DE7-A7DA-23EEA45BDE02}.Debug|x64.ActiveCfg = Debug|Any CPU
		{AE09B84C-54FC-4DE7-A7DA-23EEA45BDE02}.Debug|x64.Build.0 = Debug|Any CPU
		{AE09B84C-54FC-4DE7-A7DA-23EEA45BDE02}.Debug|x64.Deploy.0 = Debug|Any CPU
		{AE09B84C-54FC-4DE7-A7DA-23EEA45BDE02}.Debug|x86.ActiveCfg = Debug|Any CPU
		{AE09B84C-54FC-4DE7-A7DA-23EEA45BDE02}.Debug|x86.Build.0 = Debug|Any CPU
		{AE09B84C-54FC-4DE7-A7DA-23EEA45BDE02}.Debug|x86.Deploy.0 = Debug|Any CPU
		{AE09B84C-54FC-4DE7-A7DA-23EEA45BDE02}.Release|Any CPU.ActiveCfg = Release|Any CPU
		{AE09B84C-54FC-4DE7-A7DA-23EEA45BDE02}.Release|Any CPU.Build.0 = Release|Any CPU
		{AE09B84C-54FC-4DE7-A7DA-23EEA45BDE02}.Release|Any CPU.Deploy.0 = Release|Any CPU
		{AE09B84C-54FC-4DE7-A7DA-23EEA45BDE02}.Release|ARM.ActiveCfg = Release|Any CPU
		{AE09B84C-54FC-4DE7-A7DA-23EEA45BDE02}.Release|ARM.Build.0 = Release|Any CPU
		{AE09B84C-54FC-4DE7-A7DA-23EEA45BDE02}.Release|ARM.Deploy.0 = Release|Any CPU
		{AE09B84C-54FC-4DE7-A7DA-23EEA45BDE02}.Release|iPhone.ActiveCfg = Release|Any CPU
		{AE09B84C-54FC-4DE7-A7DA-23EEA45BDE02}.Release|iPhone.Build.0 = Release|Any CPU
		{AE09B84C-54FC-4DE7-A7DA-23EEA45BDE02}.Release|iPhone.Deploy.0 = Release|Any CPU
		{AE09B84C-54FC-4DE7-A7DA-23EEA45BDE02}.Release|iPhoneSimulator.ActiveCfg = Release|Any CPU
		{AE09B84C-54FC-4DE7-A7DA-23EEA45BDE02}.Release|iPhoneSimulator.Build.0 = Release|Any CPU
		{AE09B84C-54FC-4DE7-A7DA-23EEA45BDE02}.Release|iPhoneSimulator.Deploy.0 = Release|Any CPU
		{AE09B84C-54FC-4DE7-A7DA-23EEA45BDE02}.Release|x64.ActiveCfg = Release|Any CPU
		{AE09B84C-54FC-4DE7-A7DA-23EEA45BDE02}.Release|x64.Build.0 = Release|Any CPU
		{AE09B84C-54FC-4DE7-A7DA-23EEA45BDE02}.Release|x64.Deploy.0 = Release|Any CPU
		{AE09B84C-54FC-4DE7-A7DA-23EEA45BDE02}.Release|x86.ActiveCfg = Release|Any CPU
		{AE09B84C-54FC-4DE7-A7DA-23EEA45BDE02}.Release|x86.Build.0 = Release|Any CPU
		{AE09B84C-54FC-4DE7-A7DA-23EEA45BDE02}.Release|x86.Deploy.0 = Release|Any CPU
		{99EB4619-3736-465A-A022-86225C2ED734}.Ad-Hoc|Any CPU.ActiveCfg = Ad-Hoc|iPhone
		{99EB4619-3736-465A-A022-86225C2ED734}.Ad-Hoc|ARM.ActiveCfg = Ad-Hoc|iPhone
		{99EB4619-3736-465A-A022-86225C2ED734}.Ad-Hoc|iPhone.ActiveCfg = Ad-Hoc|iPhone
		{99EB4619-3736-465A-A022-86225C2ED734}.Ad-Hoc|iPhone.Build.0 = Ad-Hoc|iPhone
		{99EB4619-3736-465A-A022-86225C2ED734}.Ad-Hoc|iPhoneSimulator.ActiveCfg = Ad-Hoc|iPhoneSimulator
		{99EB4619-3736-465A-A022-86225C2ED734}.Ad-Hoc|iPhoneSimulator.Build.0 = Ad-Hoc|iPhoneSimulator
		{99EB4619-3736-465A-A022-86225C2ED734}.Ad-Hoc|x64.ActiveCfg = Ad-Hoc|iPhone
		{99EB4619-3736-465A-A022-86225C2ED734}.Ad-Hoc|x86.ActiveCfg = Ad-Hoc|iPhone
		{99EB4619-3736-465A-A022-86225C2ED734}.AppStore|Any CPU.ActiveCfg = AppStore|iPhone
		{99EB4619-3736-465A-A022-86225C2ED734}.AppStore|ARM.ActiveCfg = AppStore|iPhone
		{99EB4619-3736-465A-A022-86225C2ED734}.AppStore|iPhone.ActiveCfg = AppStore|iPhone
		{99EB4619-3736-465A-A022-86225C2ED734}.AppStore|iPhone.Build.0 = AppStore|iPhone
		{99EB4619-3736-465A-A022-86225C2ED734}.AppStore|iPhoneSimulator.ActiveCfg = AppStore|iPhoneSimulator
		{99EB4619-3736-465A-A022-86225C2ED734}.AppStore|iPhoneSimulator.Build.0 = AppStore|iPhoneSimulator
		{99EB4619-3736-465A-A022-86225C2ED734}.AppStore|x64.ActiveCfg = AppStore|iPhone
		{99EB4619-3736-465A-A022-86225C2ED734}.AppStore|x86.ActiveCfg = AppStore|iPhone
		{99EB4619-3736-465A-A022-86225C2ED734}.Debug|Any CPU.ActiveCfg = Debug|iPhone
		{99EB4619-3736-465A-A022-86225C2ED734}.Debug|ARM.ActiveCfg = Debug|iPhone
		{99EB4619-3736-465A-A022-86225C2ED734}.Debug|iPhone.ActiveCfg = Debug|iPhone
		{99EB4619-3736-465A-A022-86225C2ED734}.Debug|iPhone.Build.0 = Debug|iPhone
		{99EB4619-3736-465A-A022-86225C2ED734}.Debug|iPhoneSimulator.ActiveCfg = Debug|iPhoneSimulator
		{99EB4619-3736-465A-A022-86225C2ED734}.Debug|iPhoneSimulator.Build.0 = Debug|iPhoneSimulator
		{99EB4619-3736-465A-A022-86225C2ED734}.Debug|x64.ActiveCfg = Debug|iPhone
		{99EB4619-3736-465A-A022-86225C2ED734}.Debug|x86.ActiveCfg = Debug|iPhone
		{99EB4619-3736-465A-A022-86225C2ED734}.Release|Any CPU.ActiveCfg = Release|iPhone
		{99EB4619-3736-465A-A022-86225C2ED734}.Release|ARM.ActiveCfg = Release|iPhone
		{99EB4619-3736-465A-A022-86225C2ED734}.Release|iPhone.ActiveCfg = Release|iPhone
		{99EB4619-3736-465A-A022-86225C2ED734}.Release|iPhone.Build.0 = Release|iPhone
		{99EB4619-3736-465A-A022-86225C2ED734}.Release|iPhoneSimulator.ActiveCfg = Release|iPhoneSimulator
		{99EB4619-3736-465A-A022-86225C2ED734}.Release|iPhoneSimulator.Build.0 = Release|iPhoneSimulator
		{99EB4619-3736-465A-A022-86225C2ED734}.Release|x64.ActiveCfg = Release|iPhone
		{99EB4619-3736-465A-A022-86225C2ED734}.Release|x86.ActiveCfg = Release|iPhone
	EndGlobalSection
	GlobalSection(SolutionProperties) = preSolution
		HideSolutionNode = FALSE
	EndGlobalSection
EndGlobal
